
Microsoft Visual Studio Solution File, Format Version 12.00
# Visual Studio Version 16
VisualStudioVersion = 16.0.33927.289
MinimumVisualStudioVersion = 10.0.40219.1
Project("{2150E333-8FDC-42A3-9474-1A3956D46DE8}") = "Task0", "Task0", "{6D198507-2551-4501-AF12-B42C029E964A}"
EndProject
Project("{FAE04EC0-301F-11D3-BF4B-00C04F79EFBC}") = "Tyuiu.AlexandrovaEA.Sprint0.Task0.V0", "Tyuiu.AlexandrovaEA.Sprint0.Task0.V0\Tyuiu.AlexandrovaEA.Sprint0.Task0.V0.csproj", "{95B48AD2-07BE-405C-B196-345A0196DA7E}"
EndProject
Project("{2150E333-8FDC-42A3-9474-1A3956D46DE8}") = "Task1", "Task1", "{CF751971-A46E-4D90-975B-7E4D6A6D382C}"
EndProject
Project("{FAE04EC0-301F-11D3-BF4B-00C04F79EFBC}") = "tyuiu.AlexandrovaEA.Sprint0.Task1.V0", "tyuiu.AlexandrovaEA.Sprint0.Task1.V0\tyuiu.AlexandrovaEA.Sprint0.Task1.V0.csproj", "{BEC392CF-60F2-459C-937E-2436C3E0D504}"
EndProject
Project("{2150E333-8FDC-42A3-9474-1A3956D46DE8}") = "Task2", "Task2", "{7389C020-72A0-4934-A05F-8EEB81283C83}"
EndProject
Project("{FAE04EC0-301F-11D3-BF4B-00C04F79EFBC}") = "tyuiu.AlexandrovaEA.Sprint0.Task2.V0", "tyuiu.AlexandrovaEA.Sprint0.Task2.V0\tyuiu.AlexandrovaEA.Sprint0.Task2.V0.csproj", "{F1EB1886-B606-44FC-8EE8-1AA14ABEA8CF}"
EndProject
Project("{FAE04EC0-301F-11D3-BF4B-00C04F79EFBC}") = "tyuiu.AlexandrovaEA.Sprint0.Task2.V0.Lib", "tyuiu.AlexandrovaEA.Sprint0.Task2.V0.Lib\tyuiu.AlexandrovaEA.Sprint0.Task2.V0.Lib.csproj", "{B3AD271D-0955-46EB-B1B7-0752EB19F167}"
EndProject
Project("{FAE04EC0-301F-11D3-BF4B-00C04F79EFBC}") = "tyuiu.AlexandrovaEA.Sprint0.Task2.V0.Test", "tyuiu.AlexandrovaEA.Sprint0.Task2.V0.Test\tyuiu.AlexandrovaEA.Sprint0.Task2.V0.Test.csproj", "{E2D92745-14B9-4480-A8C6-9E2A8F3F839C}"
EndProject
Project("{2150E333-8FDC-42A3-9474-1A3956D46DE8}") = "Task3", "Task3", "{7113BF1C-61A4-48A8-AB7F-66118F1F11E6}"
EndProject
Project("{FAE04EC0-301F-11D3-BF4B-00C04F79EFBC}") = "tyuiu.AlexandrovaEA.Sprint0.Task3.V0", "tyuiu.AlexandrovaEA.Sprint0.Task3.V0\tyuiu.AlexandrovaEA.Sprint0.Task3.V0.csproj", "{4BD5202A-CC46-4653-8FF8-71D2CEF67034}"
EndProject
Project("{FAE04EC0-301F-11D3-BF4B-00C04F79EFBC}") = "tyuiu.AlexandrovaEA.Sprint0.Task3.V0.Lib", "tyuiu.AlexandrovaEA.Sprint0.Task3.V0.Lib\tyuiu.AlexandrovaEA.Sprint0.Task3.V0.Lib.csproj", "{0FEFAF74-06A7-4B6F-A26A-5324F7FFC086}"
EndProject
Project("{FAE04EC0-301F-11D3-BF4B-00C04F79EFBC}") = "tyuiu.AlexandrovaEA.Sprint0.Task3.V0.Test", "tyuiu.AlexandrovaEA.Sprint0.Task3.V0.Test\tyuiu.AlexandrovaEA.Sprint0.Task3.V0.Test.csproj", "{374B9F08-E70F-4450-B20B-8EAED7260891}"
EndProject
Project("{2150E333-8FDC-42A3-9474-1A3956D46DE8}") = "Task4", "Task4", "{62F17408-EDBE-472B-A2B9-83D5C0EC2192}"
EndProject
Project("{FAE04EC0-301F-11D3-BF4B-00C04F79EFBC}") = "tyuiu.AlexandrovaEA.Sprint0.Task4.V0", "tyuiu.AlexandrovaEA.Sprint0.Task4.V0\tyuiu.AlexandrovaEA.Sprint0.Task4.V0.csproj", "{B35AE4CC-82C1-455E-A629-B2108E4FDEC3}"
EndProject
Project("{FAE04EC0-301F-11D3-BF4B-00C04F79EFBC}") = "tyuiu.AlexandrovaEA.Sprint0.Task4.V0.Lib", "tyuiu.AlexandrovaEA.Sprint0.Task4.V0.Lib\tyuiu.AlexandrovaEA.Sprint0.Task4.V0.Lib.csproj", "{2329AF20-24C1-4C9D-BBA3-F1F9F029D5B1}"
EndProject
Project("{FAE04EC0-301F-11D3-BF4B-00C04F79EFBC}") = "tyuiu.AlexandrovaEA.Sprint0.Task4.V0.Test", "tyuiu.AlexandrovaEA.Sprint0.Task4.V0.Test\tyuiu.AlexandrovaEA.Sprint0.Task4.V0.Test.csproj", "{67386DDC-3246-4D42-8A3E-4D366F7E4279}"
EndProject
Project("{2150E333-8FDC-42A3-9474-1A3956D46DE8}") = "Task5", "Task5", "{B37CE082-9256-4FA0-906E-9B235E09EAE5}"
EndProject
Project("{FAE04EC0-301F-11D3-BF4B-00C04F79EFBC}") = "tyuiu.AlexandrovaEA.Sprint0.Task5.V0", "tyuiu.AlexandrovaEA.Sprint0.Task5.V0\tyuiu.AlexandrovaEA.Sprint0.Task5.V0.csproj", "{371986E0-2137-4450-94CC-A1AE4CE9E84E}"
EndProject
Project("{FAE04EC0-301F-11D3-BF4B-00C04F79EFBC}") = "tyuiu.AlexandrovaEA.Sprint0.Task5.V0.Lib", "tyuiu.AlexandrovaEA.Sprint0.Task5.V0.Lib\tyuiu.AlexandrovaEA.Sprint0.Task5.V0.Lib.csproj", "{4C03E4FC-187A-47CE-BC99-3B4BBD5AF1BA}"
EndProject
Project("{FAE04EC0-301F-11D3-BF4B-00C04F79EFBC}") = "tyuiu.AlexandrovaEA.Sprint0.Task5.V0.Test", "tyuiu.AlexandrovaEA.Sprint0.Task5.V0.Test\tyuiu.AlexandrovaEA.Sprint0.Task5.V0.Test.csproj", "{D168C9D3-AB53-48E4-A40F-932A75B509FA}"
EndProject
Project("{2150E333-8FDC-42A3-9474-1A3956D46DE8}") = "Task6", "Task6", "{96B8A5AF-A1EC-408B-B7C0-3BDB7F647ABC}"
EndProject
Project("{FAE04EC0-301F-11D3-BF4B-00C04F79EFBC}") = "tyuiu.AlexandrovaEA.Sprint0.Task6.V0", "tyuiu.AlexandrovaEA.Sprint0.Task6.V0\tyuiu.AlexandrovaEA.Sprint0.Task6.V0.csproj", "{B0077268-98F3-4D64-B4F1-FD2AA598547B}"
EndProject
Project("{FAE04EC0-301F-11D3-BF4B-00C04F79EFBC}") = "tyuiu.AlexandrovaEA.Sprint0.Task6.V0.Lib", "tyuiu.AlexandrovaEA.Sprint0.Task6.V0.Lib\tyuiu.AlexandrovaEA.Sprint0.Task6.V0.Lib.csproj", "{8FE2BEB9-9290-4FED-8C3E-C78FB58743DD}"
EndProject
Project("{FAE04EC0-301F-11D3-BF4B-00C04F79EFBC}") = "tyuiu.AlexandrovaEA.Sprint0.Task6.V0.Test", "tyuiu.AlexandrovaEA.Sprint0.Task6.V0.Test\tyuiu.AlexandrovaEA.Sprint0.Task6.V0.Test.csproj", "{5696F0FF-5579-4BE8-B8CF-D509CACA4B96}"
EndProject
Global
	GlobalSection(SolutionConfigurationPlatforms) = preSolution
		Debug|Any CPU = Debug|Any CPU
		Release|Any CPU = Release|Any CPU
	EndGlobalSection
	GlobalSection(ProjectConfigurationPlatforms) = postSolution
		{95B48AD2-07BE-405C-B196-345A0196DA7E}.Debug|Any CPU.ActiveCfg = Debug|Any CPU
		{95B48AD2-07BE-405C-B196-345A0196DA7E}.Debug|Any CPU.Build.0 = Debug|Any CPU
		{95B48AD2-07BE-405C-B196-345A0196DA7E}.Release|Any CPU.ActiveCfg = Release|Any CPU
		{95B48AD2-07BE-405C-B196-345A0196DA7E}.Release|Any CPU.Build.0 = Release|Any CPU
		{BEC392CF-60F2-459C-937E-2436C3E0D504}.Debug|Any CPU.ActiveCfg = Debug|Any CPU
		{BEC392CF-60F2-459C-937E-2436C3E0D504}.Debug|Any CPU.Build.0 = Debug|Any CPU
		{BEC392CF-60F2-459C-937E-2436C3E0D504}.Release|Any CPU.ActiveCfg = Release|Any CPU
		{BEC392CF-60F2-459C-937E-2436C3E0D504}.Release|Any CPU.Build.0 = Release|Any CPU
		{F1EB1886-B606-44FC-8EE8-1AA14ABEA8CF}.Debug|Any CPU.ActiveCfg = Debug|Any CPU
		{F1EB1886-B606-44FC-8EE8-1AA14ABEA8CF}.Debug|Any CPU.Build.0 = Debug|Any CPU
		{F1EB1886-B606-44FC-8EE8-1AA14ABEA8CF}.Release|Any CPU.ActiveCfg = Release|Any CPU
		{F1EB1886-B606-44FC-8EE8-1AA14ABEA8CF}.Release|Any CPU.Build.0 = Release|Any CPU
		{B3AD271D-0955-46EB-B1B7-0752EB19F167}.Debug|Any CPU.ActiveCfg = Debug|Any CPU
		{B3AD271D-0955-46EB-B1B7-0752EB19F167}.Debug|Any CPU.Build.0 = Debug|Any CPU
		{B3AD271D-0955-46EB-B1B7-0752EB19F167}.Release|Any CPU.ActiveCfg = Release|Any CPU
		{B3AD271D-0955-46EB-B1B7-0752EB19F167}.Release|Any CPU.Build.0 = Release|Any CPU
		{E2D92745-14B9-4480-A8C6-9E2A8F3F839C}.Debug|Any CPU.ActiveCfg = Debug|Any CPU
		{E2D92745-14B9-4480-A8C6-9E2A8F3F839C}.Debug|Any CPU.Build.0 = Debug|Any CPU
		{E2D92745-14B9-4480-A8C6-9E2A8F3F839C}.Release|Any CPU.ActiveCfg = Release|Any CPU
		{E2D92745-14B9-4480-A8C6-9E2A8F3F839C}.Release|Any CPU.Build.0 = Release|Any CPU
		{4BD5202A-CC46-4653-8FF8-71D2CEF67034}.Debug|Any CPU.ActiveCfg = Debug|Any CPU
		{4BD5202A-CC46-4653-8FF8-71D2CEF67034}.Debug|Any CPU.Build.0 = Debug|Any CPU
		{4BD5202A-CC46-4653-8FF8-71D2CEF67034}.Release|Any CPU.ActiveCfg = Release|Any CPU
		{4BD5202A-CC46-4653-8FF8-71D2CEF67034}.Release|Any CPU.Build.0 = Release|Any CPU
		{0FEFAF74-06A7-4B6F-A26A-5324F7FFC086}.Debug|Any CPU.ActiveCfg = Debug|Any CPU
		{0FEFAF74-06A7-4B6F-A26A-5324F7FFC086}.Debug|Any CPU.Build.0 = Debug|Any CPU
		{0FEFAF74-06A7-4B6F-A26A-5324F7FFC086}.Release|Any CPU.ActiveCfg = Release|Any CPU
		{0FEFAF74-06A7-4B6F-A26A-5324F7FFC086}.Release|Any CPU.Build.0 = Release|Any CPU
		{374B9F08-E70F-4450-B20B-8EAED7260891}.Debug|Any CPU.ActiveCfg = Debug|Any CPU
		{374B9F08-E70F-4450-B20B-8EAED7260891}.Debug|Any CPU.Build.0 = Debug|Any CPU
		{374B9F08-E70F-4450-B20B-8EAED7260891}.Release|Any CPU.ActiveCfg = Release|Any CPU
		{374B9F08-E70F-4450-B20B-8EAED7260891}.Release|Any CPU.Build.0 = Release|Any CPU
		{B35AE4CC-82C1-455E-A629-B2108E4FDEC3}.Debug|Any CPU.ActiveCfg = Debug|Any CPU
		{B35AE4CC-82C1-455E-A629-B2108E4FDEC3}.Debug|Any CPU.Build.0 = Debug|Any CPU
		{B35AE4CC-82C1-455E-A629-B2108E4FDEC3}.Release|Any CPU.ActiveCfg = Release|Any CPU
		{B35AE4CC-82C1-455E-A629-B2108E4FDEC3}.Release|Any CPU.Build.0 = Release|Any CPU
		{2329AF20-24C1-4C9D-BBA3-F1F9F029D5B1}.Debug|Any CPU.ActiveCfg = Debug|Any CPU
		{2329AF20-24C1-4C9D-BBA3-F1F9F029D5B1}.Debug|Any CPU.Build.0 = Debug|Any CPU
		{2329AF20-24C1-4C9D-BBA3-F1F9F029D5B1}.Release|Any CPU.ActiveCfg = Release|Any CPU
		{2329AF20-24C1-4C9D-BBA3-F1F9F029D5B1}.Release|Any CPU.Build.0 = Release|Any CPU
		{67386DDC-3246-4D42-8A3E-4D366F7E4279}.Debug|Any CPU.ActiveCfg = Debug|Any CPU
		{67386DDC-3246-4D42-8A3E-4D366F7E4279}.Debug|Any CPU.Build.0 = Debug|Any CPU
		{67386DDC-3246-4D42-8A3E-4D366F7E4279}.Release|Any CPU.ActiveCfg = Release|Any CPU
		{67386DDC-3246-4D42-8A3E-4D366F7E4279}.Release|Any CPU.Build.0 = Release|Any CPU
		{371986E0-2137-4450-94CC-A1AE4CE9E84E}.Debug|Any CPU.ActiveCfg = Debug|Any CPU
		{371986E0-2137-4450-94CC-A1AE4CE9E84E}.Debug|Any CPU.Build.0 = Debug|Any CPU
		{371986E0-2137-4450-94CC-A1AE4CE9E84E}.Release|Any CPU.ActiveCfg = Release|Any CPU
		{371986E0-2137-4450-94CC-A1AE4CE9E84E}.Release|Any CPU.Build.0 = Release|Any CPU
		{4C03E4FC-187A-47CE-BC99-3B4BBD5AF1BA}.Debug|Any CPU.ActiveCfg = Debug|Any CPU
		{4C03E4FC-187A-47CE-BC99-3B4BBD5AF1BA}.Debug|Any CPU.Build.0 = Debug|Any CPU
		{4C03E4FC-187A-47CE-BC99-3B4BBD5AF1BA}.Release|Any CPU.ActiveCfg = Release|Any CPU
		{4C03E4FC-187A-47CE-BC99-3B4BBD5AF1BA}.Release|Any CPU.Build.0 = Release|Any CPU
		{D168C9D3-AB53-48E4-A40F-932A75B509FA}.Debug|Any CPU.ActiveCfg = Debug|Any CPU
		{D168C9D3-AB53-48E4-A40F-932A75B509FA}.Debug|Any CPU.Build.0 = Debug|Any CPU
		{D168C9D3-AB53-48E4-A40F-932A75B509FA}.Release|Any CPU.ActiveCfg = Release|Any CPU
		{D168C9D3-AB53-48E4-A40F-932A75B509FA}.Release|Any CPU.Build.0 = Release|Any CPU
		{B0077268-98F3-4D64-B4F1-FD2AA598547B}.Debug|Any CPU.ActiveCfg = Debug|Any CPU
		{B0077268-98F3-4D64-B4F1-FD2AA598547B}.Debug|Any CPU.Build.0 = Debug|Any CPU
		{B0077268-98F3-4D64-B4F1-FD2AA598547B}.Release|Any CPU.ActiveCfg = Release|Any CPU
		{B0077268-98F3-4D64-B4F1-FD2AA598547B}.Release|Any CPU.Build.0 = Release|Any CPU
		{8FE2BEB9-9290-4FED-8C3E-C78FB58743DD}.Debug|Any CPU.ActiveCfg = Debug|Any CPU
		{8FE2BEB9-9290-4FED-8C3E-C78FB58743DD}.Debug|Any CPU.Build.0 = Debug|Any CPU
		{8FE2BEB9-9290-4FED-8C3E-C78FB58743DD}.Release|Any CPU.ActiveCfg = Release|Any CPU
		{8FE2BEB9-9290-4FED-8C3E-C78FB58743DD}.Release|Any CPU.Build.0 = Release|Any CPU
		{5696F0FF-5579-4BE8-B8CF-D509CACA4B96}.Debug|Any CPU.ActiveCfg = Debug|Any CPU
		{5696F0FF-5579-4BE8-B8CF-D509CACA4B96}.Debug|Any CPU.Build.0 = Debug|Any CPU
		{5696F0FF-5579-4BE8-B8CF-D509CACA4B96}.Release|Any CPU.ActiveCfg = Release|Any CPU
		{5696F0FF-5579-4BE8-B8CF-D509CACA4B96}.Release|Any CPU.Build.0 = Release|Any CPU
	EndGlobalSection
	GlobalSection(SolutionProperties) = preSolution
		HideSolutionNode = FALSE
	EndGlobalSection
	GlobalSection(NestedProjects) = preSolution
		{95B48AD2-07BE-405C-B196-345A0196DA7E} = {6D198507-2551-4501-AF12-B42C029E964A}
		{BEC392CF-60F2-459C-937E-2436C3E0D504} = {CF751971-A46E-4D90-975B-7E4D6A6D382C}
		{F1EB1886-B606-44FC-8EE8-1AA14ABEA8CF} = {7389C020-72A0-4934-A05F-8EEB81283C83}
		{B3AD271D-0955-46EB-B1B7-0752EB19F167} = {7389C020-72A0-4934-A05F-8EEB81283C83}
		{E2D92745-14B9-4480-A8C6-9E2A8F3F839C} = {7389C020-72A0-4934-A05F-8EEB81283C83}
		{4BD5202A-CC46-4653-8FF8-71D2CEF67034} = {7113BF1C-61A4-48A8-AB7F-66118F1F11E6}
		{0FEFAF74-06A7-4B6F-A26A-5324F7FFC086} = {7113BF1C-61A4-48A8-AB7F-66118F1F11E6}
		{374B9F08-E70F-4450-B20B-8EAED7260891} = {7113BF1C-61A4-48A8-AB7F-66118F1F11E6}
		{B35AE4CC-82C1-455E-A629-B2108E4FDEC3} = {62F17408-EDBE-472B-A2B9-83D5C0EC2192}
		{2329AF20-24C1-4C9D-BBA3-F1F9F029D5B1} = {62F17408-EDBE-472B-A2B9-83D5C0EC2192}
		{67386DDC-3246-4D42-8A3E-4D366F7E4279} = {62F17408-EDBE-472B-A2B9-83D5C0EC2192}
		{371986E0-2137-4450-94CC-A1AE4CE9E84E} = {B37CE082-9256-4FA0-906E-9B235E09EAE5}
		{4C03E4FC-187A-47CE-BC99-3B4BBD5AF1BA} = {B37CE082-9256-4FA0-906E-9B235E09EAE5}
		{D168C9D3-AB53-48E4-A40F-932A75B509FA} = {B37CE082-9256-4FA0-906E-9B235E09EAE5}
		{B0077268-98F3-4D64-B4F1-FD2AA598547B} = {96B8A5AF-A1EC-408B-B7C0-3BDB7F647ABC}
		{8FE2BEB9-9290-4FED-8C3E-C78FB58743DD} = {96B8A5AF-A1EC-408B-B7C0-3BDB7F647ABC}
		{5696F0FF-5579-4BE8-B8CF-D509CACA4B96} = {96B8A5AF-A1EC-408B-B7C0-3BDB7F647ABC}
	EndGlobalSection
	GlobalSection(ExtensibilityGlobals) = postSolution
		SolutionGuid = {794D333E-8697-47D9-B355-64A46DAE0934}
	EndGlobalSection
EndGlobal
